
Microsoft Visual Studio Solution File, Format Version 12.00
# Visual Studio 15
VisualStudioVersion = 15.0.28307.329
MinimumVisualStudioVersion = 10.0.40219.1
Project("{8BC9CEB8-8B4A-11D0-8D11-00A0C91BC942}") = "Coupon Code Generator IIA", "Coupon Code Generator IIA\Coupon Code Generator IIA.vcxproj", "{0891E6F0-DDEB-483E-8AE5-78E81C441AFC}"
EndProject
Global
	GlobalSection(SolutionConfigurationPlatforms) = preSolution
		Debug|x64 = Debug|x64
		Debug|x86 = Debug|x86
		Release|x64 = Release|x64
		Release|x86 = Release|x86
	EndGlobalSection
	GlobalSection(ProjectConfigurationPlatforms) = postSolution
		{0891E6F0-DDEB-483E-8AE5-78E81C441AFC}.Debug|x64.ActiveCfg = Debug|x64
		{0891E6F0-DDEB-483E-8AE5-78E81C441AFC}.Debug|x64.Build.0 = Debug|x64
		{0891E6F0-DDEB-483E-8AE5-78E81C441AFC}.Debug|x86.ActiveCfg = Debug|Win32
		{0891E6F0-DDEB-483E-8AE5-78E81C441AFC}.Debug|x86.Build.0 = Debug|Win32
		{0891E6F0-DDEB-483E-8AE5-78E81C441AFC}.Release|x64.ActiveCfg = Release|x64
		{0891E6F0-DDEB-483E-8AE5-78E81C441AFC}.Release|x64.Build.0 = Release|x64
		{0891E6F0-DDEB-483E-8AE5-78E81C441AFC}.Release|x86.ActiveCfg = Release|Win32
		{0891E6F0-DDEB-483E-8AE5-78E81C441AFC}.Release|x86.Build.0 = Release|Win32
	EndGlobalSection
	GlobalSection(SolutionProperties) = preSolution
		HideSolutionNode = FALSE
	EndGlobalSection
	GlobalSection(ExtensibilityGlobals) = postSolution
		SolutionGuid = {214BC749-47E1-48A0-A8C2-14FF55D02F98}
	EndGlobalSection
EndGlobal
